// !$*UTF8*$!
{
	archiveVersion = 1;
	classes = {
	};
	objectVersion = 50;
	objects = {

/* Begin PBXBuildFile section */
		442AE4FC240AE7E300D900D0 /* AppDelegate.swift in Sources */ = {isa = PBXBuildFile; fileRef = 442AE4FB240AE7E300D900D0 /* AppDelegate.swift */; };
		442AE4FE240AE7E300D900D0 /* SceneDelegate.swift in Sources */ = {isa = PBXBuildFile; fileRef = 442AE4FD240AE7E300D900D0 /* SceneDelegate.swift */; };
		442AE500240AE7E300D900D0 /* ViewController.swift in Sources */ = {isa = PBXBuildFile; fileRef = 442AE4FF240AE7E300D900D0 /* ViewController.swift */; };
		442AE503240AE7E300D900D0 /* Main.storyboard in Resources */ = {isa = PBXBuildFile; fileRef = 442AE501240AE7E300D900D0 /* Main.storyboard */; };
		442AE505240AE7E700D900D0 /* Assets.xcassets in Resources */ = {isa = PBXBuildFile; fileRef = 442AE504240AE7E700D900D0 /* Assets.xcassets */; };
		442AE508240AE7E700D900D0 /* LaunchScreen.storyboard in Resources */ = {isa = PBXBuildFile; fileRef = 442AE506240AE7E700D900D0 /* LaunchScreen.storyboard */; };
		442AE513240AE7E800D900D0 /* HomepwnerTests.swift in Sources */ = {isa = PBXBuildFile; fileRef = 442AE512240AE7E800D900D0 /* HomepwnerTests.swift */; };
		442AE51E240AE7E800D900D0 /* HomepwnerUITests.swift in Sources */ = {isa = PBXBuildFile; fileRef = 442AE51D240AE7E800D900D0 /* HomepwnerUITests.swift */; };
/* End PBXBuildFile section */

/* Begin PBXContainerItemProxy section */
		442AE50F240AE7E700D900D0 /* PBXContainerItemProxy */ = {
			isa = PBXContainerItemProxy;
			containerPortal = 442AE4F0240AE7E300D900D0 /* Project object */;
			proxyType = 1;
			remoteGlobalIDString = 442AE4F7240AE7E300D900D0;
			remoteInfo = Homepwner;
		};
		442AE51A240AE7E800D900D0 /* PBXContainerItemProxy */ = {
			isa = PBXContainerItemProxy;
			containerPortal = 442AE4F0240AE7E300D900D0 /* Project object */;
			proxyType = 1;
			remoteGlobalIDString = 442AE4F7240AE7E300D900D0;
			remoteInfo = Homepwner;
		};
/* End PBXContainerItemProxy section */

/* Begin PBXFileReference section */
		442AE4F8240AE7E300D900D0 /* Homepwner.app */ = {isa = PBXFileReference; explicitFileType = wrapper.application; includeInIndex = 0; path = Homepwner.app; sourceTree = BUILT_PRODUCTS_DIR; };
		442AE4FB240AE7E300D900D0 /* AppDelegate.swift */ = {isa = PBXFileReference; lastKnownFileType = sourcecode.swift; path = AppDelegate.swift; sourceTree = "<group>"; };
		442AE4FD240AE7E300D900D0 /* SceneDelegate.swift */ = {isa = PBXFileReference; lastKnownFileType = sourcecode.swift; path = SceneDelegate.swift; sourceTree = "<group>"; };
		442AE4FF240AE7E300D900D0 /* ViewController.swift */ = {isa = PBXFileReference; lastKnownFileType = sourcecode.swift; path = ViewController.swift; sourceTree = "<group>"; };
		442AE502240AE7E300D900D0 /* Base */ = {isa = PBXFileReference; lastKnownFileType = file.storyboard; name = Base; path = Base.lproj/Main.storyboard; sourceTree = "<group>"; };
		442AE504240AE7E700D900D0 /* Assets.xcassets */ = {isa = PBXFileReference; lastKnownFileType = folder.assetcatalog; path = Assets.xcassets; sourceTree = "<group>"; };
		442AE507240AE7E700D900D0 /* Base */ = {isa = PBXFileReference; lastKnownFileType = file.storyboard; name = Base; path = Base.lproj/LaunchScreen.storyboard; sourceTree = "<group>"; };
		442AE509240AE7E700D900D0 /* Info.plist */ = {isa = PBXFileReference; lastKnownFileType = text.plist.xml; path = Info.plist; sourceTree = "<group>"; };
		442AE50E240AE7E700D900D0 /* HomepwnerTests.xctest */ = {isa = PBXFileReference; explicitFileType = wrapper.cfbundle; includeInIndex = 0; path = HomepwnerTests.xctest; sourceTree = BUILT_PRODUCTS_DIR; };
		442AE512240AE7E800D900D0 /* HomepwnerTests.swift */ = {isa = PBXFileReference; lastKnownFileType = sourcecode.swift; path = HomepwnerTests.swift; sourceTree = "<group>"; };
		442AE514240AE7E800D900D0 /* Info.plist */ = {isa = PBXFileReference; lastKnownFileType = text.plist.xml; path = Info.plist; sourceTree = "<group>"; };
		442AE519240AE7E800D900D0 /* HomepwnerUITests.xctest */ = {isa = PBXFileReference; explicitFileType = wrapper.cfbundle; includeInIndex = 0; path = HomepwnerUITests.xctest; sourceTree = BUILT_PRODUCTS_DIR; };
		442AE51D240AE7E800D900D0 /* HomepwnerUITests.swift */ = {isa = PBXFileReference; lastKnownFileType = sourcecode.swift; path = HomepwnerUITests.swift; sourceTree = "<group>"; };
		442AE51F240AE7E800D900D0 /* Info.plist */ = {isa = PBXFileReference; lastKnownFileType = text.plist.xml; path = Info.plist; sourceTree = "<group>"; };
/* End PBXFileReference section */

/* Begin PBXFrameworksBuildPhase section */
		442AE4F5240AE7E300D900D0 /* Frameworks */ = {
			isa = PBXFrameworksBuildPhase;
			buildActionMask = 2147483647;
			files = (
			);
			runOnlyForDeploymentPostprocessing = 0;
		};
		442AE50B240AE7E700D900D0 /* Frameworks */ = {
			isa = PBXFrameworksBuildPhase;
			buildActionMask = 2147483647;
			files = (
			);
			runOnlyForDeploymentPostprocessing = 0;
		};
		442AE516240AE7E800D900D0 /* Frameworks */ = {
			isa = PBXFrameworksBuildPhase;
			buildActionMask = 2147483647;
			files = (
			);
			runOnlyForDeploymentPostprocessing = 0;
		};
/* End PBXFrameworksBuildPhase section */

/* Begin PBXGroup section */
		442AE4EF240AE7E300D900D0 = {
			isa = PBXGroup;
			children = (
				442AE4FA240AE7E300D900D0 /* Homepwner */,
				442AE511240AE7E800D900D0 /* HomepwnerTests */,
				442AE51C240AE7E800D900D0 /* HomepwnerUITests */,
				442AE4F9240AE7E300D900D0 /* Products */,
			);
			sourceTree = "<group>";
		};
		442AE4F9240AE7E300D900D0 /* Products */ = {
			isa = PBXGroup;
			children = (
				442AE4F8240AE7E300D900D0 /* Homepwner.app */,
				442AE50E240AE7E700D900D0 /* HomepwnerTests.xctest */,
				442AE519240AE7E800D900D0 /* HomepwnerUITests.xctest */,
			);
			name = Products;
			sourceTree = "<group>";
		};
		442AE4FA240AE7E300D900D0 /* Homepwner */ = {
			isa = PBXGroup;
			children = (
				442AE4FB240AE7E300D900D0 /* AppDelegate.swift */,
				442AE4FD240AE7E300D900D0 /* SceneDelegate.swift */,
				442AE4FF240AE7E300D900D0 /* ViewController.swift */,
				442AE501240AE7E300D900D0 /* Main.storyboard */,
				442AE504240AE7E700D900D0 /* Assets.xcassets */,
				442AE506240AE7E700D900D0 /* LaunchScreen.storyboard */,
				442AE509240AE7E700D900D0 /* Info.plist */,
			);
			path = Homepwner;
			sourceTree = "<group>";
		};
		442AE511240AE7E800D900D0 /* HomepwnerTests */ = {
			isa = PBXGroup;
			children = (
				442AE512240AE7E800D900D0 /* HomepwnerTests.swift */,
				442AE514240AE7E800D900D0 /* Info.plist */,
			);
			path = HomepwnerTests;
			sourceTree = "<group>";
		};
		442AE51C240AE7E800D900D0 /* HomepwnerUITests */ = {
			isa = PBXGroup;
			children = (
				442AE51D240AE7E800D900D0 /* HomepwnerUITests.swift */,
				442AE51F240AE7E800D900D0 /* Info.plist */,
			);
			path = HomepwnerUITests;
			sourceTree = "<group>";
		};
/* End PBXGroup section */

/* Begin PBXNativeTarget section */
		442AE4F7240AE7E300D900D0 /* Homepwner */ = {
			isa = PBXNativeTarget;
			buildConfigurationList = 442AE522240AE7E800D900D0 /* Build configuration list for PBXNativeTarget "Homepwner" */;
			buildPhases = (
				442AE4F4240AE7E300D900D0 /* Sources */,
				442AE4F5240AE7E300D900D0 /* Frameworks */,
				442AE4F6240AE7E300D900D0 /* Resources */,
			);
			buildRules = (
			);
			dependencies = (
			);
			name = Homepwner;
			productName = Homepwner;
			productReference = 442AE4F8240AE7E300D900D0 /* Homepwner.app */;
			productType = "com.apple.product-type.application";
		};
		442AE50D240AE7E700D900D0 /* HomepwnerTests */ = {
			isa = PBXNativeTarget;
			buildConfigurationList = 442AE525240AE7E800D900D0 /* Build configuration list for PBXNativeTarget "HomepwnerTests" */;
			buildPhases = (
				442AE50A240AE7E700D900D0 /* Sources */,
				442AE50B240AE7E700D900D0 /* Frameworks */,
				442AE50C240AE7E700D900D0 /* Resources */,
			);
			buildRules = (
			);
			dependencies = (
				442AE510240AE7E700D900D0 /* PBXTargetDependency */,
			);
			name = HomepwnerTests;
			productName = HomepwnerTests;
			productReference = 442AE50E240AE7E700D900D0 /* HomepwnerTests.xctest */;
			productType = "com.apple.product-type.bundle.unit-test";
		};
		442AE518240AE7E800D900D0 /* HomepwnerUITests */ = {
			isa = PBXNativeTarget;
			buildConfigurationList = 442AE528240AE7E800D900D0 /* Build configuration list for PBXNativeTarget "HomepwnerUITests" */;
			buildPhases = (
				442AE515240AE7E800D900D0 /* Sources */,
				442AE516240AE7E800D900D0 /* Frameworks */,
				442AE517240AE7E800D900D0 /* Resources */,
			);
			buildRules = (
			);
			dependencies = (
				442AE51B240AE7E800D900D0 /* PBXTargetDependency */,
			);
			name = HomepwnerUITests;
			productName = HomepwnerUITests;
			productReference = 442AE519240AE7E800D900D0 /* HomepwnerUITests.xctest */;
			productType = "com.apple.product-type.bundle.ui-testing";
		};
/* End PBXNativeTarget section */

/* Begin PBXProject section */
		442AE4F0240AE7E300D900D0 /* Project object */ = {
			isa = PBXProject;
			attributes = {
				LastSwiftUpdateCheck = 1130;
				LastUpgradeCheck = 1130;
				ORGANIZATIONNAME = "Mary Livingston";
				TargetAttributes = {
					442AE4F7240AE7E300D900D0 = {
						CreatedOnToolsVersion = 11.3.1;
					};
					442AE50D240AE7E700D900D0 = {
						CreatedOnToolsVersion = 11.3.1;
						TestTargetID = 442AE4F7240AE7E300D900D0;
					};
					442AE518240AE7E800D900D0 = {
						CreatedOnToolsVersion = 11.3.1;
						TestTargetID = 442AE4F7240AE7E300D900D0;
					};
				};
			};
			buildConfigurationList = 442AE4F3240AE7E300D900D0 /* Build configuration list for PBXProject "Homepwner" */;
			compatibilityVersion = "Xcode 9.3";
			developmentRegion = en;
			hasScannedForEncodings = 0;
			knownRegions = (
				en,
				Base,
			);
			mainGroup = 442AE4EF240AE7E300D900D0;
			productRefGroup = 442AE4F9240AE7E300D900D0 /* Products */;
			projectDirPath = "";
			projectRoot = "";
			targets = (
				442AE4F7240AE7E300D900D0 /* Homepwner */,
				442AE50D240AE7E700D900D0 /* HomepwnerTests */,
				442AE518240AE7E800D900D0 /* HomepwnerUITests */,
			);
		};
/* End PBXProject section */

/* Begin PBXResourcesBuildPhase section */
		442AE4F6240AE7E300D900D0 /* Resources */ = {
			isa = PBXResourcesBuildPhase;
			buildActionMask = 2147483647;
			files = (
				442AE508240AE7E700D900D0 /* LaunchScreen.storyboard in Resources */,
				442AE505240AE7E700D900D0 /* Assets.xcassets in Resources */,
				442AE503240AE7E300D900D0 /* Main.storyboard in Resources */,
			);
			runOnlyForDeploymentPostprocessing = 0;
		};
		442AE50C240AE7E700D900D0 /* Resources */ = {
			isa = PBXResourcesBuildPhase;
			buildActionMask = 2147483647;
			files = (
			);
			runOnlyForDeploymentPostprocessing = 0;
		};
		442AE517240AE7E800D900D0 /* Resources */ = {
			isa = PBXResourcesBuildPhase;
			buildActionMask = 2147483647;
			files = (
			);
			runOnlyForDeploymentPostprocessing = 0;
		};
/* End PBXResourcesBuildPhase section */

/* Begin PBXSourcesBuildPhase section */
		442AE4F4240AE7E300D900D0 /* Sources */ = {
			isa = PBXSourcesBuildPhase;
			buildActionMask = 2147483647;
			files = (
				442AE500240AE7E300D900D0 /* ViewController.swift in Sources */,
				442AE4FC240AE7E300D900D0 /* AppDelegate.swift in Sources */,
				442AE4FE240AE7E300D900D0 /* SceneDelegate.swift in Sources */,
			);
			runOnlyForDeploymentPostprocessing = 0;
		};
		442AE50A240AE7E700D900D0 /* Sources */ = {
			isa = PBXSourcesBuildPhase;
			buildActionMask = 2147483647;
			files = (
				442AE513240AE7E800D900D0 /* HomepwnerTests.swift in Sources */,
			);
			runOnlyForDeploymentPostprocessing = 0;
		};
		442AE515240AE7E800D900D0 /* Sources */ = {
			isa = PBXSourcesBuildPhase;
			buildActionMask = 2147483647;
			files = (
				442AE51E240AE7E800D900D0 /* HomepwnerUITests.swift in Sources */,
			);
			runOnlyForDeploymentPostprocessing = 0;
		};
/* End PBXSourcesBuildPhase section */

/* Begin PBXTargetDependency section */
		442AE510240AE7E700D900D0 /* PBXTargetDependency */ = {
			isa = PBXTargetDependency;
			target = 442AE4F7240AE7E300D900D0 /* Homepwner */;
			targetProxy = 442AE50F240AE7E700D900D0 /* PBXContainerItemProxy */;
		};
		442AE51B240AE7E800D900D0 /* PBXTargetDependency */ = {
			isa = PBXTargetDependency;
			target = 442AE4F7240AE7E300D900D0 /* Homepwner */;
			targetProxy = 442AE51A240AE7E800D900D0 /* PBXContainerItemProxy */;
		};
/* End PBXTargetDependency section */

/* Begin PBXVariantGroup section */
		442AE501240AE7E300D900D0 /* Main.storyboard */ = {
			isa = PBXVariantGroup;
			children = (
				442AE502240AE7E300D900D0 /* Base */,
			);
			name = Main.storyboard;
			sourceTree = "<group>";
		};
		442AE506240AE7E700D900D0 /* LaunchScreen.storyboard */ = {
			isa = PBXVariantGroup;
			children = (
				442AE507240AE7E700D900D0 /* Base */,
			);
			name = LaunchScreen.storyboard;
			sourceTree = "<group>";
		};
/* End PBXVariantGroup section */

/* Begin XCBuildConfiguration section */
		442AE520240AE7E800D900D0 /* Debug */ = {
			isa = XCBuildConfiguration;
			buildSettings = {
				ALWAYS_SEARCH_USER_PATHS = NO;
				CLANG_ANALYZER_NONNULL = YES;
				CLANG_ANALYZER_NUMBER_OBJECT_CONVERSION = YES_AGGRESSIVE;
				CLANG_CXX_LANGUAGE_STANDARD = "gnu++14";
				CLANG_CXX_LIBRARY = "libc++";
				CLANG_ENABLE_MODULES = YES;
				CLANG_ENABLE_OBJC_ARC = YES;
				CLANG_ENABLE_OBJC_WEAK = YES;
				CLANG_WARN_BLOCK_CAPTURE_AUTORELEASING = YES;
				CLANG_WARN_BOOL_CONVERSION = YES;
				CLANG_WARN_COMMA = YES;
				CLANG_WARN_CONSTANT_CONVERSION = YES;
				CLANG_WARN_DEPRECATED_OBJC_IMPLEMENTATIONS = YES;
				CLANG_WARN_DIRECT_OBJC_ISA_USAGE = YES_ERROR;
				CLANG_WARN_DOCUMENTATION_COMMENTS = YES;
				CLANG_WARN_EMPTY_BODY = YES;
				CLANG_WARN_ENUM_CONVERSION = YES;
				CLANG_WARN_INFINITE_RECURSION = YES;
				CLANG_WARN_INT_CONVERSION = YES;
				CLANG_WARN_NON_LITERAL_NULL_CONVERSION = YES;
				CLANG_WARN_OBJC_IMPLICIT_RETAIN_SELF = YES;
				CLANG_WARN_OBJC_LITERAL_CONVERSION = YES;
				CLANG_WARN_OBJC_ROOT_CLASS = YES_ERROR;
				CLANG_WARN_RANGE_LOOP_ANALYSIS = YES;
				CLANG_WARN_STRICT_PROTOTYPES = YES;
				CLANG_WARN_SUSPICIOUS_MOVE = YES;
				CLANG_WARN_UNGUARDED_AVAILABILITY = YES_AGGRESSIVE;
				CLANG_WARN_UNREACHABLE_CODE = YES;
				CLANG_WARN__DUPLICATE_METHOD_MATCH = YES;
				COPY_PHASE_STRIP = NO;
				DEBUG_INFORMATION_FORMAT = dwarf;
				ENABLE_STRICT_OBJC_MSGSEND = YES;
				ENABLE_TESTABILITY = YES;
				GCC_C_LANGUAGE_STANDARD = gnu11;
				GCC_DYNAMIC_NO_PIC = NO;
				GCC_NO_COMMON_BLOCKS = YES;
				GCC_OPTIMIZATION_LEVEL = 0;
				GCC_PREPROCESSOR_DEFINITIONS = (
					"DEBUG=1",
					"$(inherited)",
				);
				GCC_WARN_64_TO_32_BIT_CONVERSION = YES;
				GCC_WARN_ABOUT_RETURN_TYPE = YES_ERROR;
				GCC_WARN_UNDECLARED_SELECTOR = YES;
				GCC_WARN_UNINITIALIZED_AUTOS = YES_AGGRESSIVE;
				GCC_WARN_UNUSED_FUNCTION = YES;
				GCC_WARN_UNUSED_VARIABLE = YES;
				IPHONEOS_DEPLOYMENT_TARGET = 13.2;
				MTL_ENABLE_DEBUG_INFO = INCLUDE_SOURCE;
				MTL_FAST_MATH = YES;
				ONLY_ACTIVE_ARCH = YES;
				SDKROOT = iphoneos;
				SWIFT_ACTIVE_COMPILATION_CONDITIONS = DEBUG;
				SWIFT_OPTIMIZATION_LEVEL = "-Onone";
			};
			name = Debug;
		};
		442AE521240AE7E800D900D0 /* Release */ = {
			isa = XCBuildConfiguration;
			buildSettings = {
				ALWAYS_SEARCH_USER_PATHS = NO;
				CLANG_ANALYZER_NONNULL = YES;
				CLANG_ANALYZER_NUMBER_OBJECT_CONVERSION = YES_AGGRESSIVE;
				CLANG_CXX_LANGUAGE_STANDARD = "gnu++14";
				CLANG_CXX_LIBRARY = "libc++";
				CLANG_ENABLE_MODULES = YES;
				CLANG_ENABLE_OBJC_ARC = YES;
				CLANG_ENABLE_OBJC_WEAK = YES;
				CLANG_WARN_BLOCK_CAPTURE_AUTORELEASING = YES;
				CLANG_WARN_BOOL_CONVERSION = YES;
				CLANG_WARN_COMMA = YES;
				CLANG_WARN_CONSTANT_CONVERSION = YES;
				CLANG_WARN_DEPRECATED_OBJC_IMPLEMENTATIONS = YES;
				CLANG_WARN_DIRECT_OBJC_ISA_USAGE = YES_ERROR;
				CLANG_WARN_DOCUMENTATION_COMMENTS = YES;
				CLANG_WARN_EMPTY_BODY = YES;
				CLANG_WARN_ENUM_CONVERSION = YES;
				CLANG_WARN_INFINITE_RECURSION = YES;
				CLANG_WARN_INT_CONVERSION = YES;
				CLANG_WARN_NON_LITERAL_NULL_CONVERSION = YES;
				CLANG_WARN_OBJC_IMPLICIT_RETAIN_SELF = YES;
				CLANG_WARN_OBJC_LITERAL_CONVERSION = YES;
				CLANG_WARN_OBJC_ROOT_CLASS = YES_ERROR;
				CLANG_WARN_RANGE_LOOP_ANALYSIS = YES;
				CLANG_WARN_STRICT_PROTOTYPES = YES;
				CLANG_WARN_SUSPICIOUS_MOVE = YES;
				CLANG_WARN_UNGUARDED_AVAILABILITY = YES_AGGRESSIVE;
				CLANG_WARN_UNREACHABLE_CODE = YES;
				CLANG_WARN__DUPLICATE_METHOD_MATCH = YES;
				COPY_PHASE_STRIP = NO;
				DEBUG_INFORMATION_FORMAT = "dwarf-with-dsym";
				ENABLE_NS_ASSERTIONS = NO;
				ENABLE_STRICT_OBJC_MSGSEND = YES;
				GCC_C_LANGUAGE_STANDARD = gnu11;
				GCC_NO_COMMON_BLOCKS = YES;
				GCC_WARN_64_TO_32_BIT_CONVERSION = YES;
				GCC_WARN_ABOUT_RETURN_TYPE = YES_ERROR;
				GCC_WARN_UNDECLARED_SELECTOR = YES;
				GCC_WARN_UNINITIALIZED_AUTOS = YES_AGGRESSIVE;
				GCC_WARN_UNUSED_FUNCTION = YES;
				GCC_WARN_UNUSED_VARIABLE = YES;
				IPHONEOS_DEPLOYMENT_TARGET = 13.2;
				MTL_ENABLE_DEBUG_INFO = NO;
				MTL_FAST_MATH = YES;
				SDKROOT = iphoneos;
				SWIFT_COMPILATION_MODE = wholemodule;
				SWIFT_OPTIMIZATION_LEVEL = "-O";
				VALIDATE_PRODUCT = YES;
			};
			name = Release;
		};
		442AE523240AE7E800D900D0 /* Debug */ = {
			isa = XCBuildConfiguration;
			buildSettings = {
				ASSETCATALOG_COMPILER_APPICON_NAME = AppIcon;
				CODE_SIGN_STYLE = Automatic;
				INFOPLIST_FILE = Homepwner/Info.plist;
				LD_RUNPATH_SEARCH_PATHS = (
					"$(inherited)",
					"@executable_path/Frameworks",
				);
				PRODUCT_BUNDLE_IDENTIFIER = com.mliving1.Homepwner;
				PRODUCT_NAME = "$(TARGET_NAME)";
				SWIFT_VERSION = 5.0;
				TARGETED_DEVICE_FAMILY = "1,2";
			};
			name = Debug;
		};
		442AE524240AE7E800D900D0 /* Release */ = {
			isa = XCBuildConfiguration;
			buildSettings = {
				ASSETCATALOG_COMPILER_APPICON_NAME = AppIcon;
				CODE_SIGN_STYLE = Automatic;
				INFOPLIST_FILE = Homepwner/Info.plist;
				LD_RUNPATH_SEARCH_PATHS = (
					"$(inherited)",
					"@executable_path/Frameworks",
				);
				PRODUCT_BUNDLE_IDENTIFIER = com.mliving1.Homepwner;
				PRODUCT_NAME = "$(TARGET_NAME)";
				SWIFT_VERSION = 5.0;
				TARGETED_DEVICE_FAMILY = "1,2";
			};
			name = Release;
		};
		442AE526240AE7E800D900D0 /* Debug */ = {
			isa = XCBuildConfiguration;
			buildSettings = {
				ALWAYS_EMBED_SWIFT_STANDARD_LIBRARIES = YES;
				BUNDLE_LOADER = "$(TEST_HOST)";
				CODE_SIGN_STYLE = Automatic;
				INFOPLIST_FILE = HomepwnerTests/Info.plist;
				IPHONEOS_DEPLOYMENT_TARGET = 13.2;
				LD_RUNPATH_SEARCH_PATHS = (
					"$(inherited)",
					"@executable_path/Frameworks",
					"@loader_path/Frameworks",
				);
				PRODUCT_BUNDLE_IDENTIFIER = com.mliving1.HomepwnerTests;
				PRODUCT_NAME = "$(TARGET_NAME)";
				SWIFT_VERSION = 5.0;
				TARGETED_DEVICE_FAMILY = "1,2";
				TEST_HOST = "$(BUILT_PRODUCTS_DIR)/Homepwner.app/Homepwner";
			};
			name = Debug;
		};
		442AE527240AE7E800D900D0 /* Release */ = {
			isa = XCBuildConfiguration;
			buildSettings = {
				ALWAYS_EMBED_SWIFT_STANDARD_LIBRARIES = YES;
				BUNDLE_LOADER = "$(TEST_HOST)";
				CODE_SIGN_STYLE = Automatic;
				INFOPLIST_FILE = HomepwnerTests/Info.plist;
				IPHONEOS_DEPLOYMENT_TARGET = 13.2;
				LD_RUNPATH_SEARCH_PATHS = (
					"$(inherited)",
					"@executable_path/Frameworks",
					"@loader_path/Frameworks",
				);
				PRODUCT_BUNDLE_IDENTIFIER = com.mliving1.HomepwnerTests;
				PRODUCT_NAME = "$(TARGET_NAME)";
				SWIFT_VERSION = 5.0;
				TARGETED_DEVICE_FAMILY = "1,2";
				TEST_HOST = "$(BUILT_PRODUCTS_DIR)/Homepwner.app/Homepwner";
			};
			name = Release;
		};
		442AE529240AE7E800D900D0 /* Debug */ = {
			isa = XCBuildConfiguration;
			buildSettings = {
				ALWAYS_EMBED_SWIFT_STANDARD_LIBRARIES = YES;
				CODE_SIGN_STYLE = Automatic;
				INFOPLIST_FILE = HomepwnerUITests/Info.plist;
				LD_RUNPATH_SEARCH_PATHS = (
					"$(inherited)",
					"@executable_path/Frameworks",
					"@loader_path/Frameworks",
				);
				PRODUCT_BUNDLE_IDENTIFIER = com.mliving1.HomepwnerUITests;
				PRODUCT_NAME = "$(TARGET_NAME)";
				SWIFT_VERSION = 5.0;
				TARGETED_DEVICE_FAMILY = "1,2";
				TEST_TARGET_NAME = Homepwner;
			};
			name = Debug;
		};
		442AE52A240AE7E800D900D0 /* Release */ = {
			isa = XCBuildConfiguration;
			buildSettings = {
				ALWAYS_EMBED_SWIFT_STANDARD_LIBRARIES = YES;
				CODE_SIGN_STYLE = Automatic;
				INFOPLIST_FILE = HomepwnerUITests/Info.plist;
				LD_RUNPATH_SEARCH_PATHS = (
					"$(inherited)",
					"@executable_path/Frameworks",
					"@loader_path/Frameworks",
				);
				PRODUCT_BUNDLE_IDENTIFIER = com.mliving1.HomepwnerUITests;
				PRODUCT_NAME = "$(TARGET_NAME)";
				SWIFT_VERSION = 5.0;
				TARGETED_DEVICE_FAMILY = "1,2";
				TEST_TARGET_NAME = Homepwner;
			};
			name = Release;
		};
/* End XCBuildConfiguration section */

/* Begin XCConfigurationList section */
		442AE4F3240AE7E300D900D0 /* Build configuration list for PBXProject "Homepwner" */ = {
			isa = XCConfigurationList;
			buildConfigurations = (
				442AE520240AE7E800D900D0 /* Debug */,
				442AE521240AE7E800D900D0 /* Release */,
			);
			defaultConfigurationIsVisible = 0;
			defaultConfigurationName = Release;
		};
		442AE522240AE7E800D900D0 /* Build configuration list for PBXNativeTarget "Homepwner" */ = {
			isa = XCConfigurationList;
			buildConfigurations = (
				442AE523240AE7E800D900D0 /* Debug */,
				442AE524240AE7E800D900D0 /* Release */,
			);
			defaultConfigurationIsVisible = 0;
			defaultConfigurationName = Release;
		};
		442AE525240AE7E800D900D0 /* Build configuration list for PBXNativeTarget "HomepwnerTests" */ = {
			isa = XCConfigurationList;
			buildConfigurations = (
				442AE526240AE7E800D900D0 /* Debug */,
				442AE527240AE7E800D900D0 /* Release */,
			);
			defaultConfigurationIsVisible = 0;
			defaultConfigurationName = Release;
		};
		442AE528240AE7E800D900D0 /* Build configuration list for PBXNativeTarget "HomepwnerUITests" */ = {
			isa = XCConfigurationList;
			buildConfigurations = (
				442AE529240AE7E800D900D0 /* Debug */,
				442AE52A240AE7E800D900D0 /* Release */,
			);
			defaultConfigurationIsVisible = 0;
			defaultConfigurationName = Release;
		};
/* End XCConfigurationList section */
	};
	rootObject = 442AE4F0240AE7E300D900D0 /* Project object */;
}
